// !$*UTF8*$!
{
	archiveVersion = 1;
	classes = {
	};
	objectVersion = 56;
	objects = {

/* Begin PBXBuildFile section */
		532E21732B22844A006E914F /* PomodoroAttributes.swift in Sources */ = {isa = PBXBuildFile; fileRef = 532E21722B22844A006E914F /* PomodoroAttributes.swift */; };
		532E21742B22881D006E914F /* PomodoroAttributes.swift in Sources */ = {isa = PBXBuildFile; fileRef = 532E21722B22844A006E914F /* PomodoroAttributes.swift */; };
		537101772B1FC23700E33972 /* Pomodoro_TimerApp.swift in Sources */ = {isa = PBXBuildFile; fileRef = 537101762B1FC23700E33972 /* Pomodoro_TimerApp.swift */; };
		537101792B1FC23700E33972 /* PomodoroTimerView.swift in Sources */ = {isa = PBXBuildFile; fileRef = 537101782B1FC23700E33972 /* PomodoroTimerView.swift */; };
		5371017B2B1FC23800E33972 /* Assets.xcassets in Resources */ = {isa = PBXBuildFile; fileRef = 5371017A2B1FC23800E33972 /* Assets.xcassets */; };
		5371017E2B1FC23800E33972 /* Preview Assets.xcassets in Resources */ = {isa = PBXBuildFile; fileRef = 5371017D2B1FC23800E33972 /* Preview Assets.xcassets */; };
		5371018B2B1FC26000E33972 /* WidgetKit.framework in Frameworks */ = {isa = PBXBuildFile; fileRef = 5371018A2B1FC26000E33972 /* WidgetKit.framework */; };
		5371018D2B1FC26000E33972 /* SwiftUI.framework in Frameworks */ = {isa = PBXBuildFile; fileRef = 5371018C2B1FC26000E33972 /* SwiftUI.framework */; };
		537101902B1FC26000E33972 /* Pomodoro_Timer_Widget_ExtensionBundle.swift in Sources */ = {isa = PBXBuildFile; fileRef = 5371018F2B1FC26000E33972 /* Pomodoro_Timer_Widget_ExtensionBundle.swift */; };
		537101922B1FC26000E33972 /* Pomodoro_Timer_Widget_Extension.swift in Sources */ = {isa = PBXBuildFile; fileRef = 537101912B1FC26000E33972 /* Pomodoro_Timer_Widget_Extension.swift */; };
		537101942B1FC26200E33972 /* Assets.xcassets in Resources */ = {isa = PBXBuildFile; fileRef = 537101932B1FC26200E33972 /* Assets.xcassets */; };
		537101982B1FC26200E33972 /* Pomodoro Timer Widget ExtensionExtension.appex in Embed Foundation Extensions */ = {isa = PBXBuildFile; fileRef = 537101882B1FC26000E33972 /* Pomodoro Timer Widget ExtensionExtension.appex */; settings = {ATTRIBUTES = (RemoveHeadersOnCopy, ); }; };
		5371019E2B20F34200E33972 /* PomodoroTimerViewModel.swift in Sources */ = {isa = PBXBuildFile; fileRef = 5371019D2B20F34200E33972 /* PomodoroTimerViewModel.swift */; };
		53898CBD2B3B460D0019F02D /* PomodoroTimerTVExtensionApp.swift in Sources */ = {isa = PBXBuildFile; fileRef = 53898CBC2B3B460D0019F02D /* PomodoroTimerTVExtensionApp.swift */; };
		53898CBF2B3B460D0019F02D /* PomodorTimerTVView.swift in Sources */ = {isa = PBXBuildFile; fileRef = 53898CBE2B3B460D0019F02D /* PomodorTimerTVView.swift */; };
		53898CC12B3B460E0019F02D /* Assets.xcassets in Resources */ = {isa = PBXBuildFile; fileRef = 53898CC02B3B460E0019F02D /* Assets.xcassets */; };
		53898CC42B3B460E0019F02D /* Preview Assets.xcassets in Resources */ = {isa = PBXBuildFile; fileRef = 53898CC32B3B460E0019F02D /* Preview Assets.xcassets */; };
		53898CCA2B3B46750019F02D /* PomodoroTimerTVExtensionViewModel.swift in Sources */ = {isa = PBXBuildFile; fileRef = 53898CC92B3B46750019F02D /* PomodoroTimerTVExtensionViewModel.swift */; };
		539F0AD52B32308200DC8D59 /* PomodoroTimerWatchExtensionApp.swift in Sources */ = {isa = PBXBuildFile; fileRef = 539F0AD42B32308200DC8D59 /* PomodoroTimerWatchExtensionApp.swift */; };
		539F0AD72B32308200DC8D59 /* PomodoroWatchView.swift in Sources */ = {isa = PBXBuildFile; fileRef = 539F0AD62B32308200DC8D59 /* PomodoroWatchView.swift */; };
		539F0AD92B32308300DC8D59 /* Assets.xcassets in Resources */ = {isa = PBXBuildFile; fileRef = 539F0AD82B32308300DC8D59 /* Assets.xcassets */; };
		539F0ADC2B32308300DC8D59 /* Preview Assets.xcassets in Resources */ = {isa = PBXBuildFile; fileRef = 539F0ADB2B32308300DC8D59 /* Preview Assets.xcassets */; };
		539F0ADF2B32308300DC8D59 /* PomodoroTimerWatchExtension Watch App.app in Embed Watch Content */ = {isa = PBXBuildFile; fileRef = 539F0AD22B32308200DC8D59 /* PomodoroTimerWatchExtension Watch App.app */; settings = {ATTRIBUTES = (RemoveHeadersOnCopy, ); }; };
		539F0AE82B3233F200DC8D59 /* PomodoroWatchViewModel.swift in Sources */ = {isa = PBXBuildFile; fileRef = 539F0AE72B3233F200DC8D59 /* PomodoroWatchViewModel.swift */; };
/* End PBXBuildFile section */

/* Begin PBXContainerItemProxy section */
		537101962B1FC26200E33972 /* PBXContainerItemProxy */ = {
			isa = PBXContainerItemProxy;
			containerPortal = 5371016B2B1FC23700E33972 /* Project object */;
			proxyType = 1;
			remoteGlobalIDString = 537101872B1FC26000E33972;
			remoteInfo = "Pomodoro Timer Widget ExtensionExtension";
		};
		539F0ADD2B32308300DC8D59 /* PBXContainerItemProxy */ = {
			isa = PBXContainerItemProxy;
			containerPortal = 5371016B2B1FC23700E33972 /* Project object */;
			proxyType = 1;
			remoteGlobalIDString = 539F0AD12B32308200DC8D59;
			remoteInfo = "PomodoroTimerWatchExtension Watch App";
		};
/* End PBXContainerItemProxy section */

/* Begin PBXCopyFilesBuildPhase section */
		5371019C2B1FC26200E33972 /* Embed Foundation Extensions */ = {
			isa = PBXCopyFilesBuildPhase;
			buildActionMask = 2147483647;
			dstPath = "";
			dstSubfolderSpec = 13;
			files = (
				537101982B1FC26200E33972 /* Pomodoro Timer Widget ExtensionExtension.appex in Embed Foundation Extensions */,
			);
			name = "Embed Foundation Extensions";
			runOnlyForDeploymentPostprocessing = 0;
		};
		539F0AE02B32308300DC8D59 /* Embed Watch Content */ = {
			isa = PBXCopyFilesBuildPhase;
			buildActionMask = 2147483647;
			dstPath = "$(CONTENTS_FOLDER_PATH)/Watch";
			dstSubfolderSpec = 16;
			files = (
				539F0ADF2B32308300DC8D59 /* PomodoroTimerWatchExtension Watch App.app in Embed Watch Content */,
			);
			name = "Embed Watch Content";
			runOnlyForDeploymentPostprocessing = 0;
		};
/* End PBXCopyFilesBuildPhase section */

/* Begin PBXFileReference section */
		532E21722B22844A006E914F /* PomodoroAttributes.swift */ = {isa = PBXFileReference; lastKnownFileType = sourcecode.swift; path = PomodoroAttributes.swift; sourceTree = "<group>"; };
		537101732B1FC23700E33972 /* Pomodoro Timer.app */ = {isa = PBXFileReference; explicitFileType = wrapper.application; includeInIndex = 0; path = "Pomodoro Timer.app"; sourceTree = BUILT_PRODUCTS_DIR; };
		537101762B1FC23700E33972 /* Pomodoro_TimerApp.swift */ = {isa = PBXFileReference; lastKnownFileType = sourcecode.swift; path = Pomodoro_TimerApp.swift; sourceTree = "<group>"; };
		537101782B1FC23700E33972 /* PomodoroTimerView.swift */ = {isa = PBXFileReference; lastKnownFileType = sourcecode.swift; path = PomodoroTimerView.swift; sourceTree = "<group>"; };
		5371017A2B1FC23800E33972 /* Assets.xcassets */ = {isa = PBXFileReference; lastKnownFileType = folder.assetcatalog; path = Assets.xcassets; sourceTree = "<group>"; };
		5371017D2B1FC23800E33972 /* Preview Assets.xcassets */ = {isa = PBXFileReference; lastKnownFileType = folder.assetcatalog; path = "Preview Assets.xcassets"; sourceTree = "<group>"; };
		537101882B1FC26000E33972 /* Pomodoro Timer Widget ExtensionExtension.appex */ = {isa = PBXFileReference; explicitFileType = "wrapper.app-extension"; includeInIndex = 0; path = "Pomodoro Timer Widget ExtensionExtension.appex"; sourceTree = BUILT_PRODUCTS_DIR; };
		5371018A2B1FC26000E33972 /* WidgetKit.framework */ = {isa = PBXFileReference; lastKnownFileType = wrapper.framework; name = WidgetKit.framework; path = System/Library/Frameworks/WidgetKit.framework; sourceTree = SDKROOT; };
		5371018C2B1FC26000E33972 /* SwiftUI.framework */ = {isa = PBXFileReference; lastKnownFileType = wrapper.framework; name = SwiftUI.framework; path = System/Library/Frameworks/SwiftUI.framework; sourceTree = SDKROOT; };
		5371018F2B1FC26000E33972 /* Pomodoro_Timer_Widget_ExtensionBundle.swift */ = {isa = PBXFileReference; lastKnownFileType = sourcecode.swift; path = Pomodoro_Timer_Widget_ExtensionBundle.swift; sourceTree = "<group>"; };
		537101912B1FC26000E33972 /* Pomodoro_Timer_Widget_Extension.swift */ = {isa = PBXFileReference; lastKnownFileType = sourcecode.swift; path = Pomodoro_Timer_Widget_Extension.swift; sourceTree = "<group>"; };
		537101932B1FC26200E33972 /* Assets.xcassets */ = {isa = PBXFileReference; lastKnownFileType = folder.assetcatalog; path = Assets.xcassets; sourceTree = "<group>"; };
		537101952B1FC26200E33972 /* Info.plist */ = {isa = PBXFileReference; lastKnownFileType = text.plist.xml; path = Info.plist; sourceTree = "<group>"; };
		5371019D2B20F34200E33972 /* PomodoroTimerViewModel.swift */ = {isa = PBXFileReference; lastKnownFileType = sourcecode.swift; path = PomodoroTimerViewModel.swift; sourceTree = "<group>"; };
		53898CBA2B3B460D0019F02D /* PomodoroTimerTVExtension.app */ = {isa = PBXFileReference; explicitFileType = wrapper.application; includeInIndex = 0; path = PomodoroTimerTVExtension.app; sourceTree = BUILT_PRODUCTS_DIR; };
		53898CBC2B3B460D0019F02D /* PomodoroTimerTVExtensionApp.swift */ = {isa = PBXFileReference; lastKnownFileType = sourcecode.swift; path = PomodoroTimerTVExtensionApp.swift; sourceTree = "<group>"; };
		53898CBE2B3B460D0019F02D /* PomodorTimerTVView.swift */ = {isa = PBXFileReference; lastKnownFileType = sourcecode.swift; path = PomodorTimerTVView.swift; sourceTree = "<group>"; };
		53898CC02B3B460E0019F02D /* Assets.xcassets */ = {isa = PBXFileReference; lastKnownFileType = folder.assetcatalog; path = Assets.xcassets; sourceTree = "<group>"; };
		53898CC32B3B460E0019F02D /* Preview Assets.xcassets */ = {isa = PBXFileReference; lastKnownFileType = folder.assetcatalog; path = "Preview Assets.xcassets"; sourceTree = "<group>"; };
		53898CC92B3B46750019F02D /* PomodoroTimerTVExtensionViewModel.swift */ = {isa = PBXFileReference; lastKnownFileType = sourcecode.swift; path = PomodoroTimerTVExtensionViewModel.swift; sourceTree = "<group>"; };
		539F0AD22B32308200DC8D59 /* PomodoroTimerWatchExtension Watch App.app */ = {isa = PBXFileReference; explicitFileType = wrapper.application; includeInIndex = 0; path = "PomodoroTimerWatchExtension Watch App.app"; sourceTree = BUILT_PRODUCTS_DIR; };
		539F0AD42B32308200DC8D59 /* PomodoroTimerWatchExtensionApp.swift */ = {isa = PBXFileReference; lastKnownFileType = sourcecode.swift; path = PomodoroTimerWatchExtensionApp.swift; sourceTree = "<group>"; };
		539F0AD62B32308200DC8D59 /* PomodoroWatchView.swift */ = {isa = PBXFileReference; lastKnownFileType = sourcecode.swift; path = PomodoroWatchView.swift; sourceTree = "<group>"; };
		539F0AD82B32308300DC8D59 /* Assets.xcassets */ = {isa = PBXFileReference; lastKnownFileType = folder.assetcatalog; path = Assets.xcassets; sourceTree = "<group>"; };
		539F0ADB2B32308300DC8D59 /* Preview Assets.xcassets */ = {isa = PBXFileReference; lastKnownFileType = folder.assetcatalog; path = "Preview Assets.xcassets"; sourceTree = "<group>"; };
		539F0AE72B3233F200DC8D59 /* PomodoroWatchViewModel.swift */ = {isa = PBXFileReference; lastKnownFileType = sourcecode.swift; path = PomodoroWatchViewModel.swift; sourceTree = "<group>"; };
/* End PBXFileReference section */

/* Begin PBXFrameworksBuildPhase section */
		537101702B1FC23700E33972 /* Frameworks */ = {
			isa = PBXFrameworksBuildPhase;
			buildActionMask = 2147483647;
			files = (
			);
			runOnlyForDeploymentPostprocessing = 0;
		};
		537101852B1FC26000E33972 /* Frameworks */ = {
			isa = PBXFrameworksBuildPhase;
			buildActionMask = 2147483647;
			files = (
				5371018D2B1FC26000E33972 /* SwiftUI.framework in Frameworks */,
				5371018B2B1FC26000E33972 /* WidgetKit.framework in Frameworks */,
			);
			runOnlyForDeploymentPostprocessing = 0;
		};
		53898CB72B3B460D0019F02D /* Frameworks */ = {
			isa = PBXFrameworksBuildPhase;
			buildActionMask = 2147483647;
			files = (
			);
			runOnlyForDeploymentPostprocessing = 0;
		};
		539F0ACF2B32308200DC8D59 /* Frameworks */ = {
			isa = PBXFrameworksBuildPhase;
			buildActionMask = 2147483647;
			files = (
			);
			runOnlyForDeploymentPostprocessing = 0;
		};
/* End PBXFrameworksBuildPhase section */

/* Begin PBXGroup section */
		5371016A2B1FC23700E33972 = {
			isa = PBXGroup;
			children = (
				537101752B1FC23700E33972 /* Pomodoro Timer */,
				5371018E2B1FC26000E33972 /* Pomodoro Timer Widget Extension */,
				539F0AD32B32308200DC8D59 /* PomodoroTimerWatchExtension Watch App */,
				53898CBB2B3B460D0019F02D /* PomodoroTimerTVExtension */,
				537101892B1FC26000E33972 /* Frameworks */,
				537101742B1FC23700E33972 /* Products */,
			);
			sourceTree = "<group>";
		};
		537101742B1FC23700E33972 /* Products */ = {
			isa = PBXGroup;
			children = (
				537101732B1FC23700E33972 /* Pomodoro Timer.app */,
				537101882B1FC26000E33972 /* Pomodoro Timer Widget ExtensionExtension.appex */,
				539F0AD22B32308200DC8D59 /* PomodoroTimerWatchExtension Watch App.app */,
				53898CBA2B3B460D0019F02D /* PomodoroTimerTVExtension.app */,
			);
			name = Products;
			sourceTree = "<group>";
		};
		537101752B1FC23700E33972 /* Pomodoro Timer */ = {
			isa = PBXGroup;
			children = (
				537101762B1FC23700E33972 /* Pomodoro_TimerApp.swift */,
				537101782B1FC23700E33972 /* PomodoroTimerView.swift */,
				5371019D2B20F34200E33972 /* PomodoroTimerViewModel.swift */,
				532E21722B22844A006E914F /* PomodoroAttributes.swift */,
				5371017A2B1FC23800E33972 /* Assets.xcassets */,
				5371017C2B1FC23800E33972 /* Preview Content */,
			);
			path = "Pomodoro Timer";
			sourceTree = "<group>";
		};
		5371017C2B1FC23800E33972 /* Preview Content */ = {
			isa = PBXGroup;
			children = (
				5371017D2B1FC23800E33972 /* Preview Assets.xcassets */,
			);
			path = "Preview Content";
			sourceTree = "<group>";
		};
		537101892B1FC26000E33972 /* Frameworks */ = {
			isa = PBXGroup;
			children = (
				5371018A2B1FC26000E33972 /* WidgetKit.framework */,
				5371018C2B1FC26000E33972 /* SwiftUI.framework */,
			);
			name = Frameworks;
			sourceTree = "<group>";
		};
		5371018E2B1FC26000E33972 /* Pomodoro Timer Widget Extension */ = {
			isa = PBXGroup;
			children = (
				5371018F2B1FC26000E33972 /* Pomodoro_Timer_Widget_ExtensionBundle.swift */,
				537101912B1FC26000E33972 /* Pomodoro_Timer_Widget_Extension.swift */,
				537101932B1FC26200E33972 /* Assets.xcassets */,
				537101952B1FC26200E33972 /* Info.plist */,
			);
			path = "Pomodoro Timer Widget Extension";
			sourceTree = "<group>";
		};
		53898CBB2B3B460D0019F02D /* PomodoroTimerTVExtension */ = {
			isa = PBXGroup;
			children = (
				53898CBC2B3B460D0019F02D /* PomodoroTimerTVExtensionApp.swift */,
				53898CC92B3B46750019F02D /* PomodoroTimerTVExtensionViewModel.swift */,
				53898CBE2B3B460D0019F02D /* PomodorTimerTVView.swift */,
				53898CC02B3B460E0019F02D /* Assets.xcassets */,
				53898CC22B3B460E0019F02D /* Preview Content */,
			);
			path = PomodoroTimerTVExtension;
			sourceTree = "<group>";
		};
		53898CC22B3B460E0019F02D /* Preview Content */ = {
			isa = PBXGroup;
			children = (
				53898CC32B3B460E0019F02D /* Preview Assets.xcassets */,
			);
			path = "Preview Content";
			sourceTree = "<group>";
		};
		539F0AD32B32308200DC8D59 /* PomodoroTimerWatchExtension Watch App */ = {
			isa = PBXGroup;
			children = (
				539F0AD42B32308200DC8D59 /* PomodoroTimerWatchExtensionApp.swift */,
				539F0AD62B32308200DC8D59 /* PomodoroWatchView.swift */,
				539F0AE72B3233F200DC8D59 /* PomodoroWatchViewModel.swift */,
				539F0AD82B32308300DC8D59 /* Assets.xcassets */,
				539F0ADA2B32308300DC8D59 /* Preview Content */,
			);
			path = "PomodoroTimerWatchExtension Watch App";
			sourceTree = "<group>";
		};
		539F0ADA2B32308300DC8D59 /* Preview Content */ = {
			isa = PBXGroup;
			children = (
				539F0ADB2B32308300DC8D59 /* Preview Assets.xcassets */,
			);
			path = "Preview Content";
			sourceTree = "<group>";
		};
/* End PBXGroup section */

/* Begin PBXNativeTarget section */
		537101722B1FC23700E33972 /* Pomodoro Timer */ = {
			isa = PBXNativeTarget;
			buildConfigurationList = 537101812B1FC23800E33972 /* Build configuration list for PBXNativeTarget "Pomodoro Timer" */;
			buildPhases = (
				5371016F2B1FC23700E33972 /* Sources */,
				537101702B1FC23700E33972 /* Frameworks */,
				537101712B1FC23700E33972 /* Resources */,
				5371019C2B1FC26200E33972 /* Embed Foundation Extensions */,
				539F0AE02B32308300DC8D59 /* Embed Watch Content */,
			);
			buildRules = (
			);
			dependencies = (
				537101972B1FC26200E33972 /* PBXTargetDependency */,
				539F0ADE2B32308300DC8D59 /* PBXTargetDependency */,
			);
			name = "Pomodoro Timer";
			productName = "Pomodoro Timer";
			productReference = 537101732B1FC23700E33972 /* Pomodoro Timer.app */;
			productType = "com.apple.product-type.application";
		};
		537101872B1FC26000E33972 /* Pomodoro Timer Widget ExtensionExtension */ = {
			isa = PBXNativeTarget;
			buildConfigurationList = 537101992B1FC26200E33972 /* Build configuration list for PBXNativeTarget "Pomodoro Timer Widget ExtensionExtension" */;
			buildPhases = (
				537101842B1FC26000E33972 /* Sources */,
				537101852B1FC26000E33972 /* Frameworks */,
				537101862B1FC26000E33972 /* Resources */,
			);
			buildRules = (
			);
			dependencies = (
			);
			name = "Pomodoro Timer Widget ExtensionExtension";
			productName = "Pomodoro Timer Widget ExtensionExtension";
			productReference = 537101882B1FC26000E33972 /* Pomodoro Timer Widget ExtensionExtension.appex */;
			productType = "com.apple.product-type.app-extension";
		};
		53898CB92B3B460D0019F02D /* PomodoroTimerTVExtension */ = {
			isa = PBXNativeTarget;
			buildConfigurationList = 53898CC72B3B460E0019F02D /* Build configuration list for PBXNativeTarget "PomodoroTimerTVExtension" */;
			buildPhases = (
				53898CB62B3B460D0019F02D /* Sources */,
				53898CB72B3B460D0019F02D /* Frameworks */,
				53898CB82B3B460D0019F02D /* Resources */,
			);
			buildRules = (
			);
			dependencies = (
			);
			name = PomodoroTimerTVExtension;
			productName = PomodoroTimerTVExtension;
			productReference = 53898CBA2B3B460D0019F02D /* PomodoroTimerTVExtension.app */;
			productType = "com.apple.product-type.application";
		};
		539F0AD12B32308200DC8D59 /* PomodoroTimerWatchExtension Watch App */ = {
			isa = PBXNativeTarget;
			buildConfigurationList = 539F0AE32B32308300DC8D59 /* Build configuration list for PBXNativeTarget "PomodoroTimerWatchExtension Watch App" */;
			buildPhases = (
				539F0ACE2B32308200DC8D59 /* Sources */,
				539F0ACF2B32308200DC8D59 /* Frameworks */,
				539F0AD02B32308200DC8D59 /* Resources */,
			);
			buildRules = (
			);
			dependencies = (
			);
			name = "PomodoroTimerWatchExtension Watch App";
			productName = "PomodoroTimerWatchExtension Watch App";
			productReference = 539F0AD22B32308200DC8D59 /* PomodoroTimerWatchExtension Watch App.app */;
			productType = "com.apple.product-type.application";
		};
/* End PBXNativeTarget section */

/* Begin PBXProject section */
		5371016B2B1FC23700E33972 /* Project object */ = {
			isa = PBXProject;
			attributes = {
				BuildIndependentTargetsInParallel = 1;
				LastSwiftUpdateCheck = 1510;
				LastUpgradeCheck = 1500;
				TargetAttributes = {
					537101722B1FC23700E33972 = {
						CreatedOnToolsVersion = 15.0;
					};
					537101872B1FC26000E33972 = {
						CreatedOnToolsVersion = 15.0;
					};
					53898CB92B3B460D0019F02D = {
						CreatedOnToolsVersion = 15.1;
					};
					539F0AD12B32308200DC8D59 = {
						CreatedOnToolsVersion = 15.1;
					};
				};
			};
			buildConfigurationList = 5371016E2B1FC23700E33972 /* Build configuration list for PBXProject "Pomodoro Timer" */;
			compatibilityVersion = "Xcode 14.0";
			developmentRegion = en;
			hasScannedForEncodings = 0;
			knownRegions = (
				en,
				Base,
			);
			mainGroup = 5371016A2B1FC23700E33972;
			productRefGroup = 537101742B1FC23700E33972 /* Products */;
			projectDirPath = "";
			projectRoot = "";
			targets = (
				537101722B1FC23700E33972 /* Pomodoro Timer */,
				537101872B1FC26000E33972 /* Pomodoro Timer Widget ExtensionExtension */,
				539F0AD12B32308200DC8D59 /* PomodoroTimerWatchExtension Watch App */,
				53898CB92B3B460D0019F02D /* PomodoroTimerTVExtension */,
			);
		};
/* End PBXProject section */

/* Begin PBXResourcesBuildPhase section */
		537101712B1FC23700E33972 /* Resources */ = {
			isa = PBXResourcesBuildPhase;
			buildActionMask = 2147483647;
			files = (
				5371017E2B1FC23800E33972 /* Preview Assets.xcassets in Resources */,
				5371017B2B1FC23800E33972 /* Assets.xcassets in Resources */,
			);
			runOnlyForDeploymentPostprocessing = 0;
		};
		537101862B1FC26000E33972 /* Resources */ = {
			isa = PBXResourcesBuildPhase;
			buildActionMask = 2147483647;
			files = (
				537101942B1FC26200E33972 /* Assets.xcassets in Resources */,
			);
			runOnlyForDeploymentPostprocessing = 0;
		};
		53898CB82B3B460D0019F02D /* Resources */ = {
			isa = PBXResourcesBuildPhase;
			buildActionMask = 2147483647;
			files = (
				53898CC42B3B460E0019F02D /* Preview Assets.xcassets in Resources */,
				53898CC12B3B460E0019F02D /* Assets.xcassets in Resources */,
			);
			runOnlyForDeploymentPostprocessing = 0;
		};
		539F0AD02B32308200DC8D59 /* Resources */ = {
			isa = PBXResourcesBuildPhase;
			buildActionMask = 2147483647;
			files = (
				539F0ADC2B32308300DC8D59 /* Preview Assets.xcassets in Resources */,
				539F0AD92B32308300DC8D59 /* Assets.xcassets in Resources */,
			);
			runOnlyForDeploymentPostprocessing = 0;
		};
/* End PBXResourcesBuildPhase section */

/* Begin PBXSourcesBuildPhase section */
		5371016F2B1FC23700E33972 /* Sources */ = {
			isa = PBXSourcesBuildPhase;
			buildActionMask = 2147483647;
			files = (
				537101792B1FC23700E33972 /* PomodoroTimerView.swift in Sources */,
				532E21732B22844A006E914F /* PomodoroAttributes.swift in Sources */,
				537101772B1FC23700E33972 /* Pomodoro_TimerApp.swift in Sources */,
				5371019E2B20F34200E33972 /* PomodoroTimerViewModel.swift in Sources */,
			);
			runOnlyForDeploymentPostprocessing = 0;
		};
		537101842B1FC26000E33972 /* Sources */ = {
			isa = PBXSourcesBuildPhase;
			buildActionMask = 2147483647;
			files = (
				537101922B1FC26000E33972 /* Pomodoro_Timer_Widget_Extension.swift in Sources */,
				537101902B1FC26000E33972 /* Pomodoro_Timer_Widget_ExtensionBundle.swift in Sources */,
				532E21742B22881D006E914F /* PomodoroAttributes.swift in Sources */,
			);
			runOnlyForDeploymentPostprocessing = 0;
		};
		53898CB62B3B460D0019F02D /* Sources */ = {
			isa = PBXSourcesBuildPhase;
			buildActionMask = 2147483647;
			files = (
				53898CBF2B3B460D0019F02D /* PomodorTimerTVView.swift in Sources */,
				53898CCA2B3B46750019F02D /* PomodoroTimerTVExtensionViewModel.swift in Sources */,
				53898CBD2B3B460D0019F02D /* PomodoroTimerTVExtensionApp.swift in Sources */,
			);
			runOnlyForDeploymentPostprocessing = 0;
		};
		539F0ACE2B32308200DC8D59 /* Sources */ = {
			isa = PBXSourcesBuildPhase;
			buildActionMask = 2147483647;
			files = (
				539F0AD72B32308200DC8D59 /* PomodoroWatchView.swift in Sources */,
				539F0AD52B32308200DC8D59 /* PomodoroTimerWatchExtensionApp.swift in Sources */,
				539F0AE82B3233F200DC8D59 /* PomodoroWatchViewModel.swift in Sources */,
			);
			runOnlyForDeploymentPostprocessing = 0;
		};
/* End PBXSourcesBuildPhase section */

/* Begin PBXTargetDependency section */
		537101972B1FC26200E33972 /* PBXTargetDependency */ = {
			isa = PBXTargetDependency;
			target = 537101872B1FC26000E33972 /* Pomodoro Timer Widget ExtensionExtension */;
			targetProxy = 537101962B1FC26200E33972 /* PBXContainerItemProxy */;
		};
		539F0ADE2B32308300DC8D59 /* PBXTargetDependency */ = {
			isa = PBXTargetDependency;
			target = 539F0AD12B32308200DC8D59 /* PomodoroTimerWatchExtension Watch App */;
			targetProxy = 539F0ADD2B32308300DC8D59 /* PBXContainerItemProxy */;
		};
/* End PBXTargetDependency section */

/* Begin XCBuildConfiguration section */
		5371017F2B1FC23800E33972 /* Debug */ = {
			isa = XCBuildConfiguration;
			buildSettings = {
				ALWAYS_SEARCH_USER_PATHS = NO;
				ASSETCATALOG_COMPILER_GENERATE_SWIFT_ASSET_SYMBOL_EXTENSIONS = YES;
				CLANG_ANALYZER_NONNULL = YES;
				CLANG_ANALYZER_NUMBER_OBJECT_CONVERSION = YES_AGGRESSIVE;
				CLANG_CXX_LANGUAGE_STANDARD = "gnu++20";
				CLANG_ENABLE_MODULES = YES;
				CLANG_ENABLE_OBJC_ARC = YES;
				CLANG_ENABLE_OBJC_WEAK = YES;
				CLANG_WARN_BLOCK_CAPTURE_AUTORELEASING = YES;
				CLANG_WARN_BOOL_CONVERSION = YES;
				CLANG_WARN_COMMA = YES;
				CLANG_WARN_CONSTANT_CONVERSION = YES;
				CLANG_WARN_DEPRECATED_OBJC_IMPLEMENTATIONS = YES;
				CLANG_WARN_DIRECT_OBJC_ISA_USAGE = YES_ERROR;
				CLANG_WARN_DOCUMENTATION_COMMENTS = YES;
				CLANG_WARN_EMPTY_BODY = YES;
				CLANG_WARN_ENUM_CONVERSION = YES;
				CLANG_WARN_INFINITE_RECURSION = YES;
				CLANG_WARN_INT_CONVERSION = YES;
				CLANG_WARN_NON_LITERAL_NULL_CONVERSION = YES;
				CLANG_WARN_OBJC_IMPLICIT_RETAIN_SELF = YES;
				CLANG_WARN_OBJC_LITERAL_CONVERSION = YES;
				CLANG_WARN_OBJC_ROOT_CLASS = YES_ERROR;
				CLANG_WARN_QUOTED_INCLUDE_IN_FRAMEWORK_HEADER = YES;
				CLANG_WARN_RANGE_LOOP_ANALYSIS = YES;
				CLANG_WARN_STRICT_PROTOTYPES = YES;
				CLANG_WARN_SUSPICIOUS_MOVE = YES;
				CLANG_WARN_UNGUARDED_AVAILABILITY = YES_AGGRESSIVE;
				CLANG_WARN_UNREACHABLE_CODE = YES;
				CLANG_WARN__DUPLICATE_METHOD_MATCH = YES;
				COPY_PHASE_STRIP = NO;
				DEBUG_INFORMATION_FORMAT = dwarf;
				ENABLE_STRICT_OBJC_MSGSEND = YES;
				ENABLE_TESTABILITY = YES;
				ENABLE_USER_SCRIPT_SANDBOXING = YES;
				GCC_C_LANGUAGE_STANDARD = gnu17;
				GCC_DYNAMIC_NO_PIC = NO;
				GCC_NO_COMMON_BLOCKS = YES;
				GCC_OPTIMIZATION_LEVEL = 0;
				GCC_PREPROCESSOR_DEFINITIONS = (
					"DEBUG=1",
					"$(inherited)",
				);
				GCC_WARN_64_TO_32_BIT_CONVERSION = YES;
				GCC_WARN_ABOUT_RETURN_TYPE = YES_ERROR;
				GCC_WARN_UNDECLARED_SELECTOR = YES;
				GCC_WARN_UNINITIALIZED_AUTOS = YES_AGGRESSIVE;
				GCC_WARN_UNUSED_FUNCTION = YES;
				GCC_WARN_UNUSED_VARIABLE = YES;
				IPHONEOS_DEPLOYMENT_TARGET = 17.0;
				LOCALIZATION_PREFERS_STRING_CATALOGS = YES;
				MTL_ENABLE_DEBUG_INFO = INCLUDE_SOURCE;
				MTL_FAST_MATH = YES;
				ONLY_ACTIVE_ARCH = YES;
				SDKROOT = iphoneos;
				SWIFT_ACTIVE_COMPILATION_CONDITIONS = "DEBUG $(inherited)";
				SWIFT_OPTIMIZATION_LEVEL = "-Onone";
			};
			name = Debug;
		};
		537101802B1FC23800E33972 /* Release */ = {
			isa = XCBuildConfiguration;
			buildSettings = {
				ALWAYS_SEARCH_USER_PATHS = NO;
				ASSETCATALOG_COMPILER_GENERATE_SWIFT_ASSET_SYMBOL_EXTENSIONS = YES;
				CLANG_ANALYZER_NONNULL = YES;
				CLANG_ANALYZER_NUMBER_OBJECT_CONVERSION = YES_AGGRESSIVE;
				CLANG_CXX_LANGUAGE_STANDARD = "gnu++20";
				CLANG_ENABLE_MODULES = YES;
				CLANG_ENABLE_OBJC_ARC = YES;
				CLANG_ENABLE_OBJC_WEAK = YES;
				CLANG_WARN_BLOCK_CAPTURE_AUTORELEASING = YES;
				CLANG_WARN_BOOL_CONVERSION = YES;
				CLANG_WARN_COMMA = YES;
				CLANG_WARN_CONSTANT_CONVERSION = YES;
				CLANG_WARN_DEPRECATED_OBJC_IMPLEMENTATIONS = YES;
				CLANG_WARN_DIRECT_OBJC_ISA_USAGE = YES_ERROR;
				CLANG_WARN_DOCUMENTATION_COMMENTS = YES;
				CLANG_WARN_EMPTY_BODY = YES;
				CLANG_WARN_ENUM_CONVERSION = YES;
				CLANG_WARN_INFINITE_RECURSION = YES;
				CLANG_WARN_INT_CONVERSION = YES;
				CLANG_WARN_NON_LITERAL_NULL_CONVERSION = YES;
				CLANG_WARN_OBJC_IMPLICIT_RETAIN_SELF = YES;
				CLANG_WARN_OBJC_LITERAL_CONVERSION = YES;
				CLANG_WARN_OBJC_ROOT_CLASS = YES_ERROR;
				CLANG_WARN_QUOTED_INCLUDE_IN_FRAMEWORK_HEADER = YES;
				CLANG_WARN_RANGE_LOOP_ANALYSIS = YES;
				CLANG_WARN_STRICT_PROTOTYPES = YES;
				CLANG_WARN_SUSPICIOUS_MOVE = YES;
				CLANG_WARN_UNGUARDED_AVAILABILITY = YES_AGGRESSIVE;
				CLANG_WARN_UNREACHABLE_CODE = YES;
				CLANG_WARN__DUPLICATE_METHOD_MATCH = YES;
				COPY_PHASE_STRIP = NO;
				DEBUG_INFORMATION_FORMAT = "dwarf-with-dsym";
				ENABLE_NS_ASSERTIONS = NO;
				ENABLE_STRICT_OBJC_MSGSEND = YES;
				ENABLE_USER_SCRIPT_SANDBOXING = YES;
				GCC_C_LANGUAGE_STANDARD = gnu17;
				GCC_NO_COMMON_BLOCKS = YES;
				GCC_WARN_64_TO_32_BIT_CONVERSION = YES;
				GCC_WARN_ABOUT_RETURN_TYPE = YES_ERROR;
				GCC_WARN_UNDECLARED_SELECTOR = YES;
				GCC_WARN_UNINITIALIZED_AUTOS = YES_AGGRESSIVE;
				GCC_WARN_UNUSED_FUNCTION = YES;
				GCC_WARN_UNUSED_VARIABLE = YES;
				IPHONEOS_DEPLOYMENT_TARGET = 17.0;
				LOCALIZATION_PREFERS_STRING_CATALOGS = YES;
				MTL_ENABLE_DEBUG_INFO = NO;
				MTL_FAST_MATH = YES;
				SDKROOT = iphoneos;
				SWIFT_COMPILATION_MODE = wholemodule;
				VALIDATE_PRODUCT = YES;
			};
			name = Release;
		};
		537101822B1FC23800E33972 /* Debug */ = {
			isa = XCBuildConfiguration;
			buildSettings = {
				ALWAYS_EMBED_SWIFT_STANDARD_LIBRARIES = YES;
				ASSETCATALOG_COMPILER_APPICON_NAME = AppIcon;
				ASSETCATALOG_COMPILER_GLOBAL_ACCENT_COLOR_NAME = AccentColor;
				CODE_SIGN_STYLE = Automatic;
				CURRENT_PROJECT_VERSION = 1;
				DEVELOPMENT_ASSET_PATHS = "\"Pomodoro Timer/Preview Content\"";
				DEVELOPMENT_TEAM = GBJ8M2P2VU;
				ENABLE_PREVIEWS = YES;
				GENERATE_INFOPLIST_FILE = YES;
				INFOPLIST_KEY_NSSupportsLiveActivities = YES;
				INFOPLIST_KEY_UIApplicationSceneManifest_Generation = YES;
				INFOPLIST_KEY_UIApplicationSupportsIndirectInputEvents = YES;
				INFOPLIST_KEY_UILaunchScreen_Generation = YES;
				INFOPLIST_KEY_UISupportedInterfaceOrientations_iPad = "UIInterfaceOrientationPortrait UIInterfaceOrientationPortraitUpsideDown UIInterfaceOrientationLandscapeLeft UIInterfaceOrientationLandscapeRight";
				INFOPLIST_KEY_UISupportedInterfaceOrientations_iPhone = "UIInterfaceOrientationPortrait UIInterfaceOrientationLandscapeLeft UIInterfaceOrientationLandscapeRight";
				LD_RUNPATH_SEARCH_PATHS = (
					"$(inherited)",
					"@executable_path/Frameworks",
				);
				MARKETING_VERSION = 1.0;
				PRODUCT_BUNDLE_IDENTIFIER = "com.sam.siamon.Pomodoro-Timer";
				PRODUCT_NAME = "$(TARGET_NAME)";
				SWIFT_EMIT_LOC_STRINGS = YES;
				SWIFT_VERSION = 5.0;
				TARGETED_DEVICE_FAMILY = "1,2";
			};
			name = Debug;
		};
		537101832B1FC23800E33972 /* Release */ = {
			isa = XCBuildConfiguration;
			buildSettings = {
				ALWAYS_EMBED_SWIFT_STANDARD_LIBRARIES = YES;
				ASSETCATALOG_COMPILER_APPICON_NAME = AppIcon;
				ASSETCATALOG_COMPILER_GLOBAL_ACCENT_COLOR_NAME = AccentColor;
				CODE_SIGN_STYLE = Automatic;
				CURRENT_PROJECT_VERSION = 1;
				DEVELOPMENT_ASSET_PATHS = "\"Pomodoro Timer/Preview Content\"";
				DEVELOPMENT_TEAM = GBJ8M2P2VU;
				ENABLE_PREVIEWS = YES;
				GENERATE_INFOPLIST_FILE = YES;
				INFOPLIST_KEY_NSSupportsLiveActivities = YES;
				INFOPLIST_KEY_UIApplicationSceneManifest_Generation = YES;
				INFOPLIST_KEY_UIApplicationSupportsIndirectInputEvents = YES;
				INFOPLIST_KEY_UILaunchScreen_Generation = YES;
				INFOPLIST_KEY_UISupportedInterfaceOrientations_iPad = "UIInterfaceOrientationPortrait UIInterfaceOrientationPortraitUpsideDown UIInterfaceOrientationLandscapeLeft UIInterfaceOrientationLandscapeRight";
				INFOPLIST_KEY_UISupportedInterfaceOrientations_iPhone = "UIInterfaceOrientationPortrait UIInterfaceOrientationLandscapeLeft UIInterfaceOrientationLandscapeRight";
				LD_RUNPATH_SEARCH_PATHS = (
					"$(inherited)",
					"@executable_path/Frameworks",
				);
				MARKETING_VERSION = 1.0;
				PRODUCT_BUNDLE_IDENTIFIER = "com.sam.siamon.Pomodoro-Timer";
				PRODUCT_NAME = "$(TARGET_NAME)";
				SWIFT_EMIT_LOC_STRINGS = YES;
				SWIFT_VERSION = 5.0;
				TARGETED_DEVICE_FAMILY = "1,2";
			};
			name = Release;
		};
		5371019A2B1FC26200E33972 /* Debug */ = {
			isa = XCBuildConfiguration;
			buildSettings = {
				ASSETCATALOG_COMPILER_GLOBAL_ACCENT_COLOR_NAME = AccentColor;
				ASSETCATALOG_COMPILER_WIDGET_BACKGROUND_COLOR_NAME = WidgetBackground;
				CODE_SIGN_STYLE = Automatic;
				CURRENT_PROJECT_VERSION = 1;
				DEVELOPMENT_TEAM = GBJ8M2P2VU;
				GENERATE_INFOPLIST_FILE = YES;
				INFOPLIST_FILE = "Pomodoro Timer Widget Extension/Info.plist";
				INFOPLIST_KEY_CFBundleDisplayName = "Pomodoro Timer Widget Extension";
				INFOPLIST_KEY_NSHumanReadableCopyright = "";
				LD_RUNPATH_SEARCH_PATHS = (
					"$(inherited)",
					"@executable_path/Frameworks",
					"@executable_path/../../Frameworks",
				);
				MARKETING_VERSION = 1.0;
				PRODUCT_BUNDLE_IDENTIFIER = "com.sam.siamon.Pomodoro-Timer.Pomodoro-Timer-Widget-Extension";
				PRODUCT_NAME = "$(TARGET_NAME)";
				SKIP_INSTALL = YES;
				SWIFT_EMIT_LOC_STRINGS = YES;
				SWIFT_VERSION = 5.0;
				TARGETED_DEVICE_FAMILY = "1,2";
			};
			name = Debug;
		};
		5371019B2B1FC26200E33972 /* Release */ = {
			isa = XCBuildConfiguration;
			buildSettings = {
				ASSETCATALOG_COMPILER_GLOBAL_ACCENT_COLOR_NAME = AccentColor;
				ASSETCATALOG_COMPILER_WIDGET_BACKGROUND_COLOR_NAME = WidgetBackground;
				CODE_SIGN_STYLE = Automatic;
				CURRENT_PROJECT_VERSION = 1;
				DEVELOPMENT_TEAM = GBJ8M2P2VU;
				GENERATE_INFOPLIST_FILE = YES;
				INFOPLIST_FILE = "Pomodoro Timer Widget Extension/Info.plist";
				INFOPLIST_KEY_CFBundleDisplayName = "Pomodoro Timer Widget Extension";
				INFOPLIST_KEY_NSHumanReadableCopyright = "";
				LD_RUNPATH_SEARCH_PATHS = (
					"$(inherited)",
					"@executable_path/Frameworks",
					"@executable_path/../../Frameworks",
				);
				MARKETING_VERSION = 1.0;
				PRODUCT_BUNDLE_IDENTIFIER = "com.sam.siamon.Pomodoro-Timer.Pomodoro-Timer-Widget-Extension";
				PRODUCT_NAME = "$(TARGET_NAME)";
				SKIP_INSTALL = YES;
				SWIFT_EMIT_LOC_STRINGS = YES;
				SWIFT_VERSION = 5.0;
				TARGETED_DEVICE_FAMILY = "1,2";
			};
			name = Release;
		};
		53898CC52B3B460E0019F02D /* Debug */ = {
			isa = XCBuildConfiguration;
			buildSettings = {
				ASSETCATALOG_COMPILER_APPICON_NAME = "App Icon & Top Shelf Image";
				ASSETCATALOG_COMPILER_GLOBAL_ACCENT_COLOR_NAME = AccentColor;
				CODE_SIGN_STYLE = Automatic;
				CURRENT_PROJECT_VERSION = 1;
				DEVELOPMENT_ASSET_PATHS = "\"PomodoroTimerTVExtension/Preview Content\"";
				DEVELOPMENT_TEAM = 7Z2QFY7VGV;
				ENABLE_PREVIEWS = YES;
				GENERATE_INFOPLIST_FILE = YES;
				INFOPLIST_KEY_UILaunchScreen_Generation = YES;
				INFOPLIST_KEY_UIUserInterfaceStyle = Automatic;
				LD_RUNPATH_SEARCH_PATHS = (
					"$(inherited)",
					"@executable_path/Frameworks",
				);
				MARKETING_VERSION = 1.0;
				PRODUCT_BUNDLE_IDENTIFIER = com.sam.siamon.PomodoroTimerTVExtension;
				PRODUCT_NAME = "$(TARGET_NAME)";
				SDKROOT = appletvos;
				SWIFT_EMIT_LOC_STRINGS = YES;
				SWIFT_VERSION = 5.0;
				TARGETED_DEVICE_FAMILY = 3;
				TVOS_DEPLOYMENT_TARGET = 17.2;
			};
			name = Debug;
		};
		53898CC62B3B460E0019F02D /* Release */ = {
			isa = XCBuildConfiguration;
			buildSettings = {
				ASSETCATALOG_COMPILER_APPICON_NAME = "App Icon & Top Shelf Image";
				ASSETCATALOG_COMPILER_GLOBAL_ACCENT_COLOR_NAME = AccentColor;
				CODE_SIGN_STYLE = Automatic;
				CURRENT_PROJECT_VERSION = 1;
				DEVELOPMENT_ASSET_PATHS = "\"PomodoroTimerTVExtension/Preview Content\"";
				DEVELOPMENT_TEAM = 7Z2QFY7VGV;
				ENABLE_PREVIEWS = YES;
				GENERATE_INFOPLIST_FILE = YES;
				INFOPLIST_KEY_UILaunchScreen_Generation = YES;
				INFOPLIST_KEY_UIUserInterfaceStyle = Automatic;
				LD_RUNPATH_SEARCH_PATHS = (
					"$(inherited)",
					"@executable_path/Frameworks",
				);
				MARKETING_VERSION = 1.0;
				PRODUCT_BUNDLE_IDENTIFIER = com.sam.siamon.PomodoroTimerTVExtension;
				PRODUCT_NAME = "$(TARGET_NAME)";
				SDKROOT = appletvos;
				SWIFT_EMIT_LOC_STRINGS = YES;
				SWIFT_VERSION = 5.0;
				TARGETED_DEVICE_FAMILY = 3;
				TVOS_DEPLOYMENT_TARGET = 17.2;
			};
			name = Release;
		};
		539F0AE12B32308300DC8D59 /* Debug */ = {
			isa = XCBuildConfiguration;
			buildSettings = {
				ASSETCATALOG_COMPILER_APPICON_NAME = AppIcon;
				ASSETCATALOG_COMPILER_GLOBAL_ACCENT_COLOR_NAME = AccentColor;
				CODE_SIGN_STYLE = Automatic;
				CURRENT_PROJECT_VERSION = 1;
				DEVELOPMENT_ASSET_PATHS = "\"PomodoroTimerWatchExtension Watch App/Preview Content\"";
				DEVELOPMENT_TEAM = GBJ8M2P2VU;
				ENABLE_PREVIEWS = YES;
				GENERATE_INFOPLIST_FILE = YES;
				INFOPLIST_KEY_CFBundleDisplayName = PomodoroTimerWatchExtension;
				INFOPLIST_KEY_UISupportedInterfaceOrientations = "UIInterfaceOrientationPortrait UIInterfaceOrientationPortraitUpsideDown";
				INFOPLIST_KEY_WKCompanionAppBundleIdentifier = "com.sam.siamon.Pomodoro-Timer";
				LD_RUNPATH_SEARCH_PATHS = (
					"$(inherited)",
					"@executable_path/Frameworks",
				);
				MARKETING_VERSION = 1.0;
				PRODUCT_BUNDLE_IDENTIFIER = "com.sam.siamon.Pomodoro-Timer.watchkitapp";
				PRODUCT_NAME = "$(TARGET_NAME)";
				SDKROOT = watchos;
				SKIP_INSTALL = YES;
				SWIFT_EMIT_LOC_STRINGS = YES;
				SWIFT_VERSION = 5.0;
				TARGETED_DEVICE_FAMILY = 4;
				WATCHOS_DEPLOYMENT_TARGET = 10.2;
			};
			name = Debug;
		};
		539F0AE22B32308300DC8D59 /* Release */ = {
			isa = XCBuildConfiguration;
			buildSettings = {
				ASSETCATALOG_COMPILER_APPICON_NAME = AppIcon;
				ASSETCATALOG_COMPILER_GLOBAL_ACCENT_COLOR_NAME = AccentColor;
				CODE_SIGN_STYLE = Automatic;
				CURRENT_PROJECT_VERSION = 1;
				DEVELOPMENT_ASSET_PATHS = "\"PomodoroTimerWatchExtension Watch App/Preview Content\"";
				DEVELOPMENT_TEAM = GBJ8M2P2VU;
				ENABLE_PREVIEWS = YES;
				GENERATE_INFOPLIST_FILE = YES;
				INFOPLIST_KEY_CFBundleDisplayName = PomodoroTimerWatchExtension;
				INFOPLIST_KEY_UISupportedInterfaceOrientations = "UIInterfaceOrientationPortrait UIInterfaceOrientationPortraitUpsideDown";
				INFOPLIST_KEY_WKCompanionAppBundleIdentifier = "com.sam.siamon.Pomodoro-Timer";
				LD_RUNPATH_SEARCH_PATHS = (
					"$(inherited)",
					"@executable_path/Frameworks",
				);
				MARKETING_VERSION = 1.0;
				PRODUCT_BUNDLE_IDENTIFIER = "com.sam.siamon.Pomodoro-Timer.watchkitapp";
				PRODUCT_NAME = "$(TARGET_NAME)";
				SDKROOT = watchos;
				SKIP_INSTALL = YES;
				SWIFT_EMIT_LOC_STRINGS = YES;
				SWIFT_VERSION = 5.0;
				TARGETED_DEVICE_FAMILY = 4;
				WATCHOS_DEPLOYMENT_TARGET = 10.2;
			};
			name = Release;
		};
/* End XCBuildConfiguration section */

/* Begin XCConfigurationList section */
		5371016E2B1FC23700E33972 /* Build configuration list for PBXProject "Pomodoro Timer" */ = {
			isa = XCConfigurationList;
			buildConfigurations = (
				5371017F2B1FC23800E33972 /* Debug */,
				537101802B1FC23800E33972 /* Release */,
			);
			defaultConfigurationIsVisible = 0;
			defaultConfigurationName = Release;
		};
		537101812B1FC23800E33972 /* Build configuration list for PBXNativeTarget "Pomodoro Timer" */ = {
			isa = XCConfigurationList;
			buildConfigurations = (
				537101822B1FC23800E33972 /* Debug */,
				537101832B1FC23800E33972 /* Release */,
			);
			defaultConfigurationIsVisible = 0;
			defaultConfigurationName = Release;
		};
		537101992B1FC26200E33972 /* Build configuration list for PBXNativeTarget "Pomodoro Timer Widget ExtensionExtension" */ = {
			isa = XCConfigurationList;
			buildConfigurations = (
				5371019A2B1FC26200E33972 /* Debug */,
				5371019B2B1FC26200E33972 /* Release */,
			);
			defaultConfigurationIsVisible = 0;
			defaultConfigurationName = Release;
		};
		53898CC72B3B460E0019F02D /* Build configuration list for PBXNativeTarget "PomodoroTimerTVExtension" */ = {
			isa = XCConfigurationList;
			buildConfigurations = (
				53898CC52B3B460E0019F02D /* Debug */,
				53898CC62B3B460E0019F02D /* Release */,
			);
			defaultConfigurationIsVisible = 0;
			defaultConfigurationName = Release;
		};
		539F0AE32B32308300DC8D59 /* Build configuration list for PBXNativeTarget "PomodoroTimerWatchExtension Watch App" */ = {
			isa = XCConfigurationList;
			buildConfigurations = (
				539F0AE12B32308300DC8D59 /* Debug */,
				539F0AE22B32308300DC8D59 /* Release */,
			);
			defaultConfigurationIsVisible = 0;
			defaultConfigurationName = Release;
		};
/* End XCConfigurationList section */
	};
	rootObject = 5371016B2B1FC23700E33972 /* Project object */;
}
